
Microsoft Visual Studio Solution File, Format Version 12.00
# Visual Studio Version 16
VisualStudioVersion = 16.0.30114.105
MinimumVisualStudioVersion = 10.0.40219.1
Project("{2150E333-8FDC-42A3-9474-1A3956D46DE8}") = "1.0 Apresentacao", "1.0 Apresentacao", "{31EDC0ED-C96B-41A9-9BB9-9F582AEA71A1}"
EndProject
Project("{2150E333-8FDC-42A3-9474-1A3956D46DE8}") = "2.0 Aplicacao", "2.0 Aplicacao", "{C884AAEF-50F7-465D-B631-4427021FC7FE}"
EndProject
Project("{2150E333-8FDC-42A3-9474-1A3956D46DE8}") = "3.0 Dominio", "3.0 Dominio", "{B20EAA9E-5836-495E-9DBD-D622590575C0}"
EndProject
Project("{2150E333-8FDC-42A3-9474-1A3956D46DE8}") = "4.0 Infraestrutura", "4.0 Infraestrutura", "{70A93AD1-BF61-4313-AB15-CBFD08DB07D9}"
EndProject
Project("{9A19103F-16F7-4668-BE54-9A1E7A4F7556}") = "MMW.Dominio", "MMW.Dominio\MMW.Dominio.csproj", "{A4EBBB6B-9BD6-4F26-B77E-90F7475457E0}"
EndProject
Project("{2150E333-8FDC-42A3-9474-1A3956D46DE8}") = "4.1 Persistencia", "4.1 Persistencia", "{F841C9AB-E75D-45DB-A569-4C8B7B830570}"
EndProject
Project("{2150E333-8FDC-42A3-9474-1A3956D46DE8}") = "4.2 Transversal", "4.2 Transversal", "{B9F3B89F-867A-4E2C-A7AF-8C333210B6BF}"
EndProject
Project("{9A19103F-16F7-4668-BE54-9A1E7A4F7556}") = "MMW.Infra.Persistencia", "MMW.Infra.Persistencia\MMW.Infra.Persistencia.csproj", "{D0464A0B-6987-4B43-A1D2-32EA8D4A4FC2}"
EndProject
Project("{9A19103F-16F7-4668-BE54-9A1E7A4F7556}") = "MMW.Aplicacao", "MMW.Aplicacao\MMW.Aplicacao.csproj", "{EB275A11-DF70-4D6F-A01C-A91DD2F38A96}"
EndProject
Project("{9A19103F-16F7-4668-BE54-9A1E7A4F7556}") = "MMW.Infra.Transversal.IoC", "MMW.Infra.Transversal.IoC\MMW.Infra.Transversal.IoC.csproj", "{20DB20D5-48F8-4499-9524-1163D37A38F0}"
EndProject
Project("{9A19103F-16F7-4668-BE54-9A1E7A4F7556}") = "MMW.Dominio.Servicos", "MMW.Dominio.Servicos\MMW.Dominio.Servicos.csproj", "{5BF4B99B-57DF-48AA-988F-EEADB17B4134}"
EndProject
Project("{FAE04EC0-301F-11D3-BF4B-00C04F79EFBC}") = "MMW.MVC", "MMW.MVC\MMW.MVC.csproj", "{BA6F05E9-0608-4262-9553-763246CC831F}"
EndProject
Global
	GlobalSection(SolutionConfigurationPlatforms) = preSolution
		Debug|Any CPU = Debug|Any CPU
		Release|Any CPU = Release|Any CPU
	EndGlobalSection
	GlobalSection(ProjectConfigurationPlatforms) = postSolution
		{A4EBBB6B-9BD6-4F26-B77E-90F7475457E0}.Debug|Any CPU.ActiveCfg = Debug|Any CPU
		{A4EBBB6B-9BD6-4F26-B77E-90F7475457E0}.Debug|Any CPU.Build.0 = Debug|Any CPU
		{A4EBBB6B-9BD6-4F26-B77E-90F7475457E0}.Release|Any CPU.ActiveCfg = Release|Any CPU
		{A4EBBB6B-9BD6-4F26-B77E-90F7475457E0}.Release|Any CPU.Build.0 = Release|Any CPU
		{D0464A0B-6987-4B43-A1D2-32EA8D4A4FC2}.Debug|Any CPU.ActiveCfg = Debug|Any CPU
		{D0464A0B-6987-4B43-A1D2-32EA8D4A4FC2}.Debug|Any CPU.Build.0 = Debug|Any CPU
		{D0464A0B-6987-4B43-A1D2-32EA8D4A4FC2}.Release|Any CPU.ActiveCfg = Release|Any CPU
		{D0464A0B-6987-4B43-A1D2-32EA8D4A4FC2}.Release|Any CPU.Build.0 = Release|Any CPU
		{EB275A11-DF70-4D6F-A01C-A91DD2F38A96}.Debug|Any CPU.ActiveCfg = Debug|Any CPU
		{EB275A11-DF70-4D6F-A01C-A91DD2F38A96}.Debug|Any CPU.Build.0 = Debug|Any CPU
		{EB275A11-DF70-4D6F-A01C-A91DD2F38A96}.Release|Any CPU.ActiveCfg = Release|Any CPU
		{EB275A11-DF70-4D6F-A01C-A91DD2F38A96}.Release|Any CPU.Build.0 = Release|Any CPU
		{20DB20D5-48F8-4499-9524-1163D37A38F0}.Debug|Any CPU.ActiveCfg = Debug|Any CPU
		{20DB20D5-48F8-4499-9524-1163D37A38F0}.Debug|Any CPU.Build.0 = Debug|Any CPU
		{20DB20D5-48F8-4499-9524-1163D37A38F0}.Release|Any CPU.ActiveCfg = Release|Any CPU
		{20DB20D5-48F8-4499-9524-1163D37A38F0}.Release|Any CPU.Build.0 = Release|Any CPU
		{5BF4B99B-57DF-48AA-988F-EEADB17B4134}.Debug|Any CPU.ActiveCfg = Debug|Any CPU
		{5BF4B99B-57DF-48AA-988F-EEADB17B4134}.Debug|Any CPU.Build.0 = Debug|Any CPU
		{5BF4B99B-57DF-48AA-988F-EEADB17B4134}.Release|Any CPU.ActiveCfg = Release|Any CPU
		{5BF4B99B-57DF-48AA-988F-EEADB17B4134}.Release|Any CPU.Build.0 = Release|Any CPU
		{BA6F05E9-0608-4262-9553-763246CC831F}.Debug|Any CPU.ActiveCfg = Debug|Any CPU
		{BA6F05E9-0608-4262-9553-763246CC831F}.Debug|Any CPU.Build.0 = Debug|Any CPU
		{BA6F05E9-0608-4262-9553-763246CC831F}.Release|Any CPU.ActiveCfg = Release|Any CPU
		{BA6F05E9-0608-4262-9553-763246CC831F}.Release|Any CPU.Build.0 = Release|Any CPU
	EndGlobalSection
	GlobalSection(SolutionProperties) = preSolution
		HideSolutionNode = FALSE
	EndGlobalSection
	GlobalSection(NestedProjects) = preSolution
		{A4EBBB6B-9BD6-4F26-B77E-90F7475457E0} = {B20EAA9E-5836-495E-9DBD-D622590575C0}
		{F841C9AB-E75D-45DB-A569-4C8B7B830570} = {70A93AD1-BF61-4313-AB15-CBFD08DB07D9}
		{B9F3B89F-867A-4E2C-A7AF-8C333210B6BF} = {70A93AD1-BF61-4313-AB15-CBFD08DB07D9}
		{D0464A0B-6987-4B43-A1D2-32EA8D4A4FC2} = {F841C9AB-E75D-45DB-A569-4C8B7B830570}
		{EB275A11-DF70-4D6F-A01C-A91DD2F38A96} = {C884AAEF-50F7-465D-B631-4427021FC7FE}
		{20DB20D5-48F8-4499-9524-1163D37A38F0} = {B9F3B89F-867A-4E2C-A7AF-8C333210B6BF}
		{5BF4B99B-57DF-48AA-988F-EEADB17B4134} = {B20EAA9E-5836-495E-9DBD-D622590575C0}
		{BA6F05E9-0608-4262-9553-763246CC831F} = {31EDC0ED-C96B-41A9-9BB9-9F582AEA71A1}
	EndGlobalSection
	GlobalSection(ExtensibilityGlobals) = postSolution
		SolutionGuid = {5B927ACF-FA50-4D8C-9DA8-C59C1EE6D369}
	EndGlobalSection
EndGlobal
